// !$*UTF8*$!
{
	archiveVersion = 1;
	classes = {
	};
	objectVersion = 50;
	objects = {

/* Begin PBXBuildFile section */
		081D7DFF2243A1BB003053C2 /* AllListViewController.swift in Sources */ = {isa = PBXBuildFile; fileRef = 081D7DFE2243A1BB003053C2 /* AllListViewController.swift */; };
		081D7E012243A3B3003053C2 /* ListDetailViewController.swift in Sources */ = {isa = PBXBuildFile; fileRef = 081D7E002243A3B3003053C2 /* ListDetailViewController.swift */; };
		081D7E032243C2B7003053C2 /* Checklist.swift in Sources */ = {isa = PBXBuildFile; fileRef = 081D7E022243C2B7003053C2 /* Checklist.swift */; };
		084D61B92215A56B00EE202E /* ChecklistItem.swift in Sources */ = {isa = PBXBuildFile; fileRef = 084D61B82215A56B00EE202E /* ChecklistItem.swift */; };
		08E9BA8F223A480A00271F3B /* ItemDetailViewController.swift in Sources */ = {isa = PBXBuildFile; fileRef = 08E9BA8E223A480A00271F3B /* ItemDetailViewController.swift */; };
		08E9BA95223A91EC00271F3B /* ChecklistItemCell.swift in Sources */ = {isa = PBXBuildFile; fileRef = 08E9BA94223A91EC00271F3B /* ChecklistItemCell.swift */; };
		08FF5C2B2215826200FEE647 /* AppDelegate.swift in Sources */ = {isa = PBXBuildFile; fileRef = 08FF5C2A2215826200FEE647 /* AppDelegate.swift */; };
		08FF5C2D2215826200FEE647 /* ChecklistViewController .swift in Sources */ = {isa = PBXBuildFile; fileRef = 08FF5C2C2215826200FEE647 /* ChecklistViewController .swift */; };
		08FF5C302215826200FEE647 /* Main.storyboard in Resources */ = {isa = PBXBuildFile; fileRef = 08FF5C2E2215826200FEE647 /* Main.storyboard */; settings = {ASSET_TAGS = (Checklist, ); }; };
		08FF5C322215826200FEE647 /* Assets.xcassets in Resources */ = {isa = PBXBuildFile; fileRef = 08FF5C312215826200FEE647 /* Assets.xcassets */; };
		08FF5C352215826200FEE647 /* LaunchScreen.storyboard in Resources */ = {isa = PBXBuildFile; fileRef = 08FF5C332215826200FEE647 /* LaunchScreen.storyboard */; };
/* End PBXBuildFile section */

/* Begin PBXFileReference section */
		081D7DFE2243A1BB003053C2 /* AllListViewController.swift */ = {isa = PBXFileReference; lastKnownFileType = sourcecode.swift; path = AllListViewController.swift; sourceTree = "<group>"; };
		081D7E002243A3B3003053C2 /* ListDetailViewController.swift */ = {isa = PBXFileReference; lastKnownFileType = sourcecode.swift; path = ListDetailViewController.swift; sourceTree = "<group>"; };
		081D7E022243C2B7003053C2 /* Checklist.swift */ = {isa = PBXFileReference; lastKnownFileType = sourcecode.swift; path = Checklist.swift; sourceTree = "<group>"; };
		084D61B82215A56B00EE202E /* ChecklistItem.swift */ = {isa = PBXFileReference; lastKnownFileType = sourcecode.swift; path = ChecklistItem.swift; sourceTree = "<group>"; };
		08E9BA8E223A480A00271F3B /* ItemDetailViewController.swift */ = {isa = PBXFileReference; lastKnownFileType = sourcecode.swift; path = ItemDetailViewController.swift; sourceTree = "<group>"; };
		08E9BA94223A91EC00271F3B /* ChecklistItemCell.swift */ = {isa = PBXFileReference; lastKnownFileType = sourcecode.swift; path = ChecklistItemCell.swift; sourceTree = "<group>"; };
		08FF5C272215826200FEE647 /* Checklists.app */ = {isa = PBXFileReference; explicitFileType = wrapper.application; includeInIndex = 0; path = Checklists.app; sourceTree = BUILT_PRODUCTS_DIR; };
		08FF5C2A2215826200FEE647 /* AppDelegate.swift */ = {isa = PBXFileReference; lastKnownFileType = sourcecode.swift; path = AppDelegate.swift; sourceTree = "<group>"; };
		08FF5C2C2215826200FEE647 /* ChecklistViewController .swift */ = {isa = PBXFileReference; lastKnownFileType = sourcecode.swift; path = "ChecklistViewController .swift"; sourceTree = "<group>"; };
		08FF5C2F2215826200FEE647 /* Base */ = {isa = PBXFileReference; lastKnownFileType = file.storyboard; name = Base; path = Base.lproj/Main.storyboard; sourceTree = "<group>"; };
		08FF5C312215826200FEE647 /* Assets.xcassets */ = {isa = PBXFileReference; lastKnownFileType = folder.assetcatalog; path = Assets.xcassets; sourceTree = "<group>"; };
		08FF5C342215826200FEE647 /* Base */ = {isa = PBXFileReference; lastKnownFileType = file.storyboard; name = Base; path = Base.lproj/LaunchScreen.storyboard; sourceTree = "<group>"; };
		08FF5C362215826200FEE647 /* Info.plist */ = {isa = PBXFileReference; lastKnownFileType = text.plist.xml; path = Info.plist; sourceTree = "<group>"; };
/* End PBXFileReference section */

/* Begin PBXFrameworksBuildPhase section */
		08FF5C242215826200FEE647 /* Frameworks */ = {
			isa = PBXFrameworksBuildPhase;
			buildActionMask = 2147483647;
			files = (
			);
			runOnlyForDeploymentPostprocessing = 0;
		};
/* End PBXFrameworksBuildPhase section */

/* Begin PBXGroup section */
		084D61B52215A41300EE202E /* Models */ = {
			isa = PBXGroup;
			children = (
				08FF5C312215826200FEE647 /* Assets.xcassets */,
			);
			path = Models;
			sourceTree = "<group>";
		};
		084D61B62215A42C00EE202E /* Views */ = {
			isa = PBXGroup;
			children = (
				08FF5C2E2215826200FEE647 /* Main.storyboard */,
				08FF5C332215826200FEE647 /* LaunchScreen.storyboard */,
			);
			path = Views;
			sourceTree = "<group>";
		};
		084D61B72215A42F00EE202E /* Controllers */ = {
			isa = PBXGroup;
			children = (
				08FF5C2C2215826200FEE647 /* ChecklistViewController .swift */,
				08E9BA8E223A480A00271F3B /* ItemDetailViewController.swift */,
				081D7E002243A3B3003053C2 /* ListDetailViewController.swift */,
			);
			path = Controllers;
			sourceTree = "<group>";
		};
		08E9BA93223A90F100271F3B /* Class */ = {
			isa = PBXGroup;
			children = (
				084D61B82215A56B00EE202E /* ChecklistItem.swift */,
				08FF5C2A2215826200FEE647 /* AppDelegate.swift */,
				08E9BA94223A91EC00271F3B /* ChecklistItemCell.swift */,
				081D7DFE2243A1BB003053C2 /* AllListViewController.swift */,
				081D7E022243C2B7003053C2 /* Checklist.swift */,
			);
			path = Class;
			sourceTree = "<group>";
		};
		08FF5C1E2215826200FEE647 = {
			isa = PBXGroup;
			children = (
				084D61B72215A42F00EE202E /* Controllers */,
				08E9BA93223A90F100271F3B /* Class */,
				084D61B62215A42C00EE202E /* Views */,
				084D61B52215A41300EE202E /* Models */,
				08FF5C292215826200FEE647 /* Checklists */,
				08FF5C282215826200FEE647 /* Products */,
			);
			sourceTree = "<group>";
		};
		08FF5C282215826200FEE647 /* Products */ = {
			isa = PBXGroup;
			children = (
				08FF5C272215826200FEE647 /* Checklists.app */,
			);
			name = Products;
			sourceTree = "<group>";
		};
		08FF5C292215826200FEE647 /* Checklists */ = {
			isa = PBXGroup;
			children = (
				08FF5C362215826200FEE647 /* Info.plist */,
			);
			path = Checklists;
			sourceTree = "<group>";
		};
/* End PBXGroup section */

/* Begin PBXNativeTarget section */
		08FF5C262215826200FEE647 /* Checklists */ = {
			isa = PBXNativeTarget;
			buildConfigurationList = 08FF5C392215826200FEE647 /* Build configuration list for PBXNativeTarget "Checklists" */;
			buildPhases = (
				08FF5C232215826200FEE647 /* Sources */,
				08FF5C242215826200FEE647 /* Frameworks */,
				08FF5C252215826200FEE647 /* Resources */,
			);
			buildRules = (
			);
			dependencies = (
			);
			name = Checklists;
			productName = Checklists;
			productReference = 08FF5C272215826200FEE647 /* Checklists.app */;
			productType = "com.apple.product-type.application";
		};
/* End PBXNativeTarget section */

/* Begin PBXProject section */
		08FF5C1F2215826200FEE647 /* Project object */ = {
			isa = PBXProject;
			attributes = {
				KnownAssetTags = (
					Checklist,
				);
				LastSwiftUpdateCheck = 1010;
				LastUpgradeCheck = 1010;
				ORGANIZATIONNAME = lpiem;
				TargetAttributes = {
					08FF5C262215826200FEE647 = {
						CreatedOnToolsVersion = 10.1;
					};
				};
			};
			buildConfigurationList = 08FF5C222215826200FEE647 /* Build configuration list for PBXProject "Checklists" */;
			compatibilityVersion = "Xcode 9.3";
			developmentRegion = en;
			hasScannedForEncodings = 0;
			knownRegions = (
				en,
				Base,
			);
			mainGroup = 08FF5C1E2215826200FEE647;
			productRefGroup = 08FF5C282215826200FEE647 /* Products */;
			projectDirPath = "";
			projectRoot = "";
			targets = (
				08FF5C262215826200FEE647 /* Checklists */,
			);
		};
/* End PBXProject section */

/* Begin PBXResourcesBuildPhase section */
		08FF5C252215826200FEE647 /* Resources */ = {
			isa = PBXResourcesBuildPhase;
			buildActionMask = 2147483647;
			files = (
				08FF5C352215826200FEE647 /* LaunchScreen.storyboard in Resources */,
				08FF5C322215826200FEE647 /* Assets.xcassets in Resources */,
				08FF5C302215826200FEE647 /* Main.storyboard in Resources */,
			);
			runOnlyForDeploymentPostprocessing = 0;
		};
/* End PBXResourcesBuildPhase section */

/* Begin PBXSourcesBuildPhase section */
		08FF5C232215826200FEE647 /* Sources */ = {
			isa = PBXSourcesBuildPhase;
			buildActionMask = 2147483647;
			files = (
				081D7DFF2243A1BB003053C2 /* AllListViewController.swift in Sources */,
				081D7E012243A3B3003053C2 /* ListDetailViewController.swift in Sources */,
				08E9BA95223A91EC00271F3B /* ChecklistItemCell.swift in Sources */,
				08FF5C2D2215826200FEE647 /* ChecklistViewController .swift in Sources */,
				081D7E032243C2B7003053C2 /* Checklist.swift in Sources */,
				08E9BA8F223A480A00271F3B /* ItemDetailViewController.swift in Sources */,
				084D61B92215A56B00EE202E /* ChecklistItem.swift in Sources */,
				08FF5C2B2215826200FEE647 /* AppDelegate.swift in Sources */,
			);
			runOnlyForDeploymentPostprocessing = 0;
		};
/* End PBXSourcesBuildPhase section */

/* Begin PBXVariantGroup section */
		08FF5C2E2215826200FEE647 /* Main.storyboard */ = {
			isa = PBXVariantGroup;
			children = (
				08FF5C2F2215826200FEE647 /* Base */,
			);
			name = Main.storyboard;
			sourceTree = "<group>";
		};
		08FF5C332215826200FEE647 /* LaunchScreen.storyboard */ = {
			isa = PBXVariantGroup;
			children = (
				08FF5C342215826200FEE647 /* Base */,
			);
			name = LaunchScreen.storyboard;
			sourceTree = "<group>";
		};
/* End PBXVariantGroup section */

/* Begin XCBuildConfiguration section */
		08FF5C372215826200FEE647 /* Debug */ = {
			isa = XCBuildConfiguration;
			buildSettings = {
				ALWAYS_SEARCH_USER_PATHS = NO;
				CLANG_ANALYZER_NONNULL = YES;
				CLANG_ANALYZER_NUMBER_OBJECT_CONVERSION = YES_AGGRESSIVE;
				CLANG_CXX_LANGUAGE_STANDARD = "gnu++14";
				CLANG_CXX_LIBRARY = "libc++";
				CLANG_ENABLE_MODULES = YES;
				CLANG_ENABLE_OBJC_ARC = YES;
				CLANG_ENABLE_OBJC_WEAK = YES;
				CLANG_WARN_BLOCK_CAPTURE_AUTORELEASING = YES;
				CLANG_WARN_BOOL_CONVERSION = YES;
				CLANG_WARN_COMMA = YES;
				CLANG_WARN_CONSTANT_CONVERSION = YES;
				CLANG_WARN_DEPRECATED_OBJC_IMPLEMENTATIONS = YES;
				CLANG_WARN_DIRECT_OBJC_ISA_USAGE = YES_ERROR;
				CLANG_WARN_DOCUMENTATION_COMMENTS = YES;
				CLANG_WARN_EMPTY_BODY = YES;
				CLANG_WARN_ENUM_CONVERSION = YES;
				CLANG_WARN_INFINITE_RECURSION = YES;
				CLANG_WARN_INT_CONVERSION = YES;
				CLANG_WARN_NON_LITERAL_NULL_CONVERSION = YES;
				CLANG_WARN_OBJC_IMPLICIT_RETAIN_SELF = YES;
				CLANG_WARN_OBJC_LITERAL_CONVERSION = YES;
				CLANG_WARN_OBJC_ROOT_CLASS = YES_ERROR;
				CLANG_WARN_RANGE_LOOP_ANALYSIS = YES;
				CLANG_WARN_STRICT_PROTOTYPES = YES;
				CLANG_WARN_SUSPICIOUS_MOVE = YES;
				CLANG_WARN_UNGUARDED_AVAILABILITY = YES_AGGRESSIVE;
				CLANG_WARN_UNREACHABLE_CODE = YES;
				CLANG_WARN__DUPLICATE_METHOD_MATCH = YES;
				CODE_SIGN_IDENTITY = "iPhone Developer";
				COPY_PHASE_STRIP = NO;
				DEBUG_INFORMATION_FORMAT = dwarf;
				ENABLE_STRICT_OBJC_MSGSEND = YES;
				ENABLE_TESTABILITY = YES;
				GCC_C_LANGUAGE_STANDARD = gnu11;
				GCC_DYNAMIC_NO_PIC = NO;
				GCC_NO_COMMON_BLOCKS = YES;
				GCC_OPTIMIZATION_LEVEL = 0;
				GCC_PREPROCESSOR_DEFINITIONS = (
					"DEBUG=1",
					"$(inherited)",
				);
				GCC_WARN_64_TO_32_BIT_CONVERSION = YES;
				GCC_WARN_ABOUT_RETURN_TYPE = YES_ERROR;
				GCC_WARN_UNDECLARED_SELECTOR = YES;
				GCC_WARN_UNINITIALIZED_AUTOS = YES_AGGRESSIVE;
				GCC_WARN_UNUSED_FUNCTION = YES;
				GCC_WARN_UNUSED_VARIABLE = YES;
				IPHONEOS_DEPLOYMENT_TARGET = 12.1;
				MTL_ENABLE_DEBUG_INFO = INCLUDE_SOURCE;
				MTL_FAST_MATH = YES;
				ONLY_ACTIVE_ARCH = YES;
				SDKROOT = iphoneos;
				SWIFT_ACTIVE_COMPILATION_CONDITIONS = DEBUG;
				SWIFT_OPTIMIZATION_LEVEL = "-Onone";
			};
			name = Debug;
		};
		08FF5C382215826200FEE647 /* Release */ = {
			isa = XCBuildConfiguration;
			buildSettings = {
				ALWAYS_SEARCH_USER_PATHS = NO;
				CLANG_ANALYZER_NONNULL = YES;
				CLANG_ANALYZER_NUMBER_OBJECT_CONVERSION = YES_AGGRESSIVE;
				CLANG_CXX_LANGUAGE_STANDARD = "gnu++14";
				CLANG_CXX_LIBRARY = "libc++";
				CLANG_ENABLE_MODULES = YES;
				CLANG_ENABLE_OBJC_ARC = YES;
				CLANG_ENABLE_OBJC_WEAK = YES;
				CLANG_WARN_BLOCK_CAPTURE_AUTORELEASING = YES;
				CLANG_WARN_BOOL_CONVERSION = YES;
				CLANG_WARN_COMMA = YES;
				CLANG_WARN_CONSTANT_CONVERSION = YES;
				CLANG_WARN_DEPRECATED_OBJC_IMPLEMENTATIONS = YES;
				CLANG_WARN_DIRECT_OBJC_ISA_USAGE = YES_ERROR;
				CLANG_WARN_DOCUMENTATION_COMMENTS = YES;
				CLANG_WARN_EMPTY_BODY = YES;
				CLANG_WARN_ENUM_CONVERSION = YES;
				CLANG_WARN_INFINITE_RECURSION = YES;
				CLANG_WARN_INT_CONVERSION = YES;
				CLANG_WARN_NON_LITERAL_NULL_CONVERSION = YES;
				CLANG_WARN_OBJC_IMPLICIT_RETAIN_SELF = YES;
				CLANG_WARN_OBJC_LITERAL_CONVERSION = YES;
				CLANG_WARN_OBJC_ROOT_CLASS = YES_ERROR;
				CLANG_WARN_RANGE_LOOP_ANALYSIS = YES;
				CLANG_WARN_STRICT_PROTOTYPES = YES;
				CLANG_WARN_SUSPICIOUS_MOVE = YES;
				CLANG_WARN_UNGUARDED_AVAILABILITY = YES_AGGRESSIVE;
				CLANG_WARN_UNREACHABLE_CODE = YES;
				CLANG_WARN__DUPLICATE_METHOD_MATCH = YES;
				CODE_SIGN_IDENTITY = "iPhone Developer";
				COPY_PHASE_STRIP = NO;
				DEBUG_INFORMATION_FORMAT = "dwarf-with-dsym";
				ENABLE_NS_ASSERTIONS = NO;
				ENABLE_STRICT_OBJC_MSGSEND = YES;
				GCC_C_LANGUAGE_STANDARD = gnu11;
				GCC_NO_COMMON_BLOCKS = YES;
				GCC_WARN_64_TO_32_BIT_CONVERSION = YES;
				GCC_WARN_ABOUT_RETURN_TYPE = YES_ERROR;
				GCC_WARN_UNDECLARED_SELECTOR = YES;
				GCC_WARN_UNINITIALIZED_AUTOS = YES_AGGRESSIVE;
				GCC_WARN_UNUSED_FUNCTION = YES;
				GCC_WARN_UNUSED_VARIABLE = YES;
				IPHONEOS_DEPLOYMENT_TARGET = 12.1;
				MTL_ENABLE_DEBUG_INFO = NO;
				MTL_FAST_MATH = YES;
				SDKROOT = iphoneos;
				SWIFT_COMPILATION_MODE = wholemodule;
				SWIFT_OPTIMIZATION_LEVEL = "-O";
				VALIDATE_PRODUCT = YES;
			};
			name = Release;
		};
		08FF5C3A2215826200FEE647 /* Debug */ = {
			isa = XCBuildConfiguration;
			buildSettings = {
				ASSETCATALOG_COMPILER_APPICON_NAME = AppIcon;
				CODE_SIGN_STYLE = Automatic;
				INFOPLIST_FILE = Checklists/Info.plist;
				LD_RUNPATH_SEARCH_PATHS = (
					"$(inherited)",
					"@executable_path/Frameworks",
				);
				PRODUCT_BUNDLE_IDENTIFIER = HelloWorld.Checklists;
				PRODUCT_NAME = "$(TARGET_NAME)";
				SWIFT_VERSION = 4.2;
				TARGETED_DEVICE_FAMILY = "1,2";
			};
			name = Debug;
		};
		08FF5C3B2215826200FEE647 /* Release */ = {
			isa = XCBuildConfiguration;
			buildSettings = {
				ASSETCATALOG_COMPILER_APPICON_NAME = AppIcon;
				CODE_SIGN_STYLE = Automatic;
				INFOPLIST_FILE = Checklists/Info.plist;
				LD_RUNPATH_SEARCH_PATHS = (
					"$(inherited)",
					"@executable_path/Frameworks",
				);
				PRODUCT_BUNDLE_IDENTIFIER = HelloWorld.Checklists;
				PRODUCT_NAME = "$(TARGET_NAME)";
				SWIFT_VERSION = 4.2;
				TARGETED_DEVICE_FAMILY = "1,2";
			};
			name = Release;
		};
/* End XCBuildConfiguration section */

/* Begin XCConfigurationList section */
		08FF5C222215826200FEE647 /* Build configuration list for PBXProject "Checklists" */ = {
			isa = XCConfigurationList;
			buildConfigurations = (
				08FF5C372215826200FEE647 /* Debug */,
				08FF5C382215826200FEE647 /* Release */,
			);
			defaultConfigurationIsVisible = 0;
			defaultConfigurationName = Release;
		};
		08FF5C392215826200FEE647 /* Build configuration list for PBXNativeTarget "Checklists" */ = {
			isa = XCConfigurationList;
			buildConfigurations = (
				08FF5C3A2215826200FEE647 /* Debug */,
				08FF5C3B2215826200FEE647 /* Release */,
			);
			defaultConfigurationIsVisible = 0;
			defaultConfigurationName = Release;
		};
/* End XCConfigurationList section */
	};
	rootObject = 08FF5C1F2215826200FEE647 /* Project object */;
}
